// !$*UTF8*$!
{
	archiveVersion = 1;
	classes = {
	};
	objectVersion = 56;
	objects = {

/* Begin PBXBuildFile section */
		57645D5D291E219C00C2CAD0 /* main.cpp in Sources */ = {isa = PBXBuildFile; fileRef = 57645D5C291E219C00C2CAD0 /* main.cpp */; };
		57645D64291E229C00C2CAD0 /* glad.c in Sources */ = {isa = PBXBuildFile; fileRef = 57645D63291E229C00C2CAD0 /* glad.c */; };
		57645D67291E22D100C2CAD0 /* libglfw3.a in Frameworks */ = {isa = PBXBuildFile; fileRef = 57645D66291E22D100C2CAD0 /* libglfw3.a */; };
		57645D69291E22E800C2CAD0 /* OpenGL.framework in Frameworks */ = {isa = PBXBuildFile; fileRef = 57645D68291E22E800C2CAD0 /* OpenGL.framework */; };
		57645D70291E295D00C2CAD0 /* Cocoa.framework in Frameworks */ = {isa = PBXBuildFile; fileRef = 57645D6E291E22FB00C2CAD0 /* Cocoa.framework */; };
		57645D71291E296800C2CAD0 /* IOKit.framework in Frameworks */ = {isa = PBXBuildFile; fileRef = 57645D6C291E22F400C2CAD0 /* IOKit.framework */; };
/* End PBXBuildFile section */

/* Begin PBXCopyFilesBuildPhase section */
		57645D57291E219C00C2CAD0 /* CopyFiles */ = {
			isa = PBXCopyFilesBuildPhase;
			buildActionMask = 2147483647;
			dstPath = /usr/share/man/man1/;
			dstSubfolderSpec = 0;
			files = (
			);
			runOnlyForDeploymentPostprocessing = 1;
		};
/* End PBXCopyFilesBuildPhase section */

/* Begin PBXFileReference section */
		57645D59291E219C00C2CAD0 /* LearningOpenGL */ = {isa = PBXFileReference; explicitFileType = "compiled.mach-o.executable"; includeInIndex = 0; path = LearningOpenGL; sourceTree = BUILT_PRODUCTS_DIR; };
		57645D5C291E219C00C2CAD0 /* main.cpp */ = {isa = PBXFileReference; lastKnownFileType = sourcecode.cpp.cpp; path = main.cpp; sourceTree = "<group>"; };
		57645D63291E229C00C2CAD0 /* glad.c */ = {isa = PBXFileReference; fileEncoding = 4; lastKnownFileType = sourcecode.c.c; name = glad.c; path = glad/src/glad.c; sourceTree = SOURCE_ROOT; };
		57645D66291E22D100C2CAD0 /* libglfw3.a */ = {isa = PBXFileReference; lastKnownFileType = archive.ar; name = libglfw3.a; path = "glfw-3.3.8.bin.MACOS/lib-universal/libglfw3.a"; sourceTree = "<group>"; };
		57645D68291E22E800C2CAD0 /* OpenGL.framework */ = {isa = PBXFileReference; lastKnownFileType = wrapper.framework; name = OpenGL.framework; path = System/Library/Frameworks/OpenGL.framework; sourceTree = SDKROOT; };
		57645D6A291E22EE00C2CAD0 /* GLUT.framework */ = {isa = PBXFileReference; lastKnownFileType = wrapper.framework; name = GLUT.framework; path = System/Library/Frameworks/GLUT.framework; sourceTree = SDKROOT; };
		57645D6C291E22F400C2CAD0 /* IOKit.framework */ = {isa = PBXFileReference; lastKnownFileType = wrapper.framework; name = IOKit.framework; path = System/Library/Frameworks/IOKit.framework; sourceTree = SDKROOT; };
		57645D6E291E22FB00C2CAD0 /* Cocoa.framework */ = {isa = PBXFileReference; lastKnownFileType = wrapper.framework; name = Cocoa.framework; path = System/Library/Frameworks/Cocoa.framework; sourceTree = SDKROOT; };
/* End PBXFileReference section */

/* Begin PBXFrameworksBuildPhase section */
		57645D56291E219C00C2CAD0 /* Frameworks */ = {
			isa = PBXFrameworksBuildPhase;
			buildActionMask = 2147483647;
			files = (
				57645D71291E296800C2CAD0 /* IOKit.framework in Frameworks */,
				57645D70291E295D00C2CAD0 /* Cocoa.framework in Frameworks */,
				57645D69291E22E800C2CAD0 /* OpenGL.framework in Frameworks */,
				57645D67291E22D100C2CAD0 /* libglfw3.a in Frameworks */,
			);
			runOnlyForDeploymentPostprocessing = 0;
		};
/* End PBXFrameworksBuildPhase section */

/* Begin PBXGroup section */
		57645D50291E219C00C2CAD0 = {
			isa = PBXGroup;
			children = (
				57645D5B291E219C00C2CAD0 /* LearningOpenGL */,
				57645D5A291E219C00C2CAD0 /* Products */,
				57645D65291E22D100C2CAD0 /* Frameworks */,
			);
			sourceTree = "<group>";
		};
		57645D5A291E219C00C2CAD0 /* Products */ = {
			isa = PBXGroup;
			children = (
				57645D59291E219C00C2CAD0 /* LearningOpenGL */,
			);
			name = Products;
			sourceTree = "<group>";
		};
		57645D5B291E219C00C2CAD0 /* LearningOpenGL */ = {
			isa = PBXGroup;
			children = (
				57645D5C291E219C00C2CAD0 /* main.cpp */,
				57645D63291E229C00C2CAD0 /* glad.c */,
			);
			path = LearningOpenGL;
			sourceTree = "<group>";
		};
		57645D65291E22D100C2CAD0 /* Frameworks */ = {
			isa = PBXGroup;
			children = (
				57645D6E291E22FB00C2CAD0 /* Cocoa.framework */,
				57645D6C291E22F400C2CAD0 /* IOKit.framework */,
				57645D6A291E22EE00C2CAD0 /* GLUT.framework */,
				57645D68291E22E800C2CAD0 /* OpenGL.framework */,
				57645D66291E22D100C2CAD0 /* libglfw3.a */,
			);
			name = Frameworks;
			sourceTree = "<group>";
		};
/* End PBXGroup section */

/* Begin PBXNativeTarget section */
		57645D58291E219C00C2CAD0 /* LearningOpenGL */ = {
			isa = PBXNativeTarget;
			buildConfigurationList = 57645D60291E219C00C2CAD0 /* Build configuration list for PBXNativeTarget "LearningOpenGL" */;
			buildPhases = (
				57645D55291E219C00C2CAD0 /* Sources */,
				57645D56291E219C00C2CAD0 /* Frameworks */,
				57645D57291E219C00C2CAD0 /* CopyFiles */,
			);
			buildRules = (
			);
			dependencies = (
			);
			name = LearningOpenGL;
			productName = LearningOpenGL;
			productReference = 57645D59291E219C00C2CAD0 /* LearningOpenGL */;
			productType = "com.apple.product-type.tool";
		};
/* End PBXNativeTarget section */

/* Begin PBXProject section */
		57645D51291E219C00C2CAD0 /* Project object */ = {
			isa = PBXProject;
			attributes = {
				BuildIndependentTargetsInParallel = 1;
				LastUpgradeCheck = 1410;
				TargetAttributes = {
					57645D58291E219C00C2CAD0 = {
						CreatedOnToolsVersion = 14.1;
					};
				};
			};
			buildConfigurationList = 57645D54291E219C00C2CAD0 /* Build configuration list for PBXProject "LearningOpenGL" */;
			compatibilityVersion = "Xcode 14.0";
			developmentRegion = en;
			hasScannedForEncodings = 0;
			knownRegions = (
				en,
				Base,
			);
			mainGroup = 57645D50291E219C00C2CAD0;
			productRefGroup = 57645D5A291E219C00C2CAD0 /* Products */;
			projectDirPath = "";
			projectRoot = "";
			targets = (
				57645D58291E219C00C2CAD0 /* LearningOpenGL */,
			);
		};
/* End PBXProject section */

/* Begin PBXSourcesBuildPhase section */
		57645D55291E219C00C2CAD0 /* Sources */ = {
			isa = PBXSourcesBuildPhase;
			buildActionMask = 2147483647;
			files = (
				57645D5D291E219C00C2CAD0 /* main.cpp in Sources */,
				57645D64291E229C00C2CAD0 /* glad.c in Sources */,
			);
			runOnlyForDeploymentPostprocessing = 0;
		};
/* End PBXSourcesBuildPhase section */

/* Begin XCBuildConfiguration section */
		57645D5E291E219C00C2CAD0 /* Debug */ = {
			isa = XCBuildConfiguration;
			buildSettings = {
				ALWAYS_SEARCH_USER_PATHS = NO;
				CLANG_ANALYZER_NONNULL = YES;
				CLANG_ANALYZER_NUMBER_OBJECT_CONVERSION = YES_AGGRESSIVE;
				CLANG_CXX_LANGUAGE_STANDARD = "gnu++20";
				CLANG_ENABLE_MODULES = YES;
				CLANG_ENABLE_OBJC_ARC = YES;
				CLANG_ENABLE_OBJC_WEAK = YES;
				CLANG_WARN_BLOCK_CAPTURE_AUTORELEASING = YES;
				CLANG_WARN_BOOL_CONVERSION = YES;
				CLANG_WARN_COMMA = YES;
				CLANG_WARN_CONSTANT_CONVERSION = YES;
				CLANG_WARN_DEPRECATED_OBJC_IMPLEMENTATIONS = YES;
				CLANG_WARN_DIRECT_OBJC_ISA_USAGE = YES_ERROR;
				CLANG_WARN_DOCUMENTATION_COMMENTS = YES;
				CLANG_WARN_EMPTY_BODY = YES;
				CLANG_WARN_ENUM_CONVERSION = YES;
				CLANG_WARN_INFINITE_RECURSION = YES;
				CLANG_WARN_INT_CONVERSION = YES;
				CLANG_WARN_NON_LITERAL_NULL_CONVERSION = YES;
				CLANG_WARN_OBJC_IMPLICIT_RETAIN_SELF = YES;
				CLANG_WARN_OBJC_LITERAL_CONVERSION = YES;
				CLANG_WARN_OBJC_ROOT_CLASS = YES_ERROR;
				CLANG_WARN_QUOTED_INCLUDE_IN_FRAMEWORK_HEADER = YES;
				CLANG_WARN_RANGE_LOOP_ANALYSIS = YES;
				CLANG_WARN_STRICT_PROTOTYPES = YES;
				CLANG_WARN_SUSPICIOUS_MOVE = YES;
				CLANG_WARN_UNGUARDED_AVAILABILITY = YES_AGGRESSIVE;
				CLANG_WARN_UNREACHABLE_CODE = YES;
				CLANG_WARN__DUPLICATE_METHOD_MATCH = YES;
				COPY_PHASE_STRIP = NO;
				DEBUG_INFORMATION_FORMAT = dwarf;
				ENABLE_STRICT_OBJC_MSGSEND = YES;
				ENABLE_TESTABILITY = YES;
				GCC_C_LANGUAGE_STANDARD = gnu11;
				GCC_DYNAMIC_NO_PIC = NO;
				GCC_NO_COMMON_BLOCKS = YES;
				GCC_OPTIMIZATION_LEVEL = 0;
				GCC_PREPROCESSOR_DEFINITIONS = (
					"DEBUG=1",
					"$(inherited)",
				);
				GCC_WARN_64_TO_32_BIT_CONVERSION = YES;
				GCC_WARN_ABOUT_RETURN_TYPE = YES_ERROR;
				GCC_WARN_UNDECLARED_SELECTOR = YES;
				GCC_WARN_UNINITIALIZED_AUTOS = YES_AGGRESSIVE;
				GCC_WARN_UNUSED_FUNCTION = YES;
				GCC_WARN_UNUSED_VARIABLE = YES;
				MACOSX_DEPLOYMENT_TARGET = 13.0;
				MTL_ENABLE_DEBUG_INFO = INCLUDE_SOURCE;
				MTL_FAST_MATH = YES;
				ONLY_ACTIVE_ARCH = YES;
				SDKROOT = macosx;
			};
			name = Debug;
		};
		57645D5F291E219C00C2CAD0 /* Release */ = {
			isa = XCBuildConfiguration;
			buildSettings = {
				ALWAYS_SEARCH_USER_PATHS = NO;
				CLANG_ANALYZER_NONNULL = YES;
				CLANG_ANALYZER_NUMBER_OBJECT_CONVERSION = YES_AGGRESSIVE;
				CLANG_CXX_LANGUAGE_STANDARD = "gnu++20";
				CLANG_ENABLE_MODULES = YES;
				CLANG_ENABLE_OBJC_ARC = YES;
				CLANG_ENABLE_OBJC_WEAK = YES;
				CLANG_WARN_BLOCK_CAPTURE_AUTORELEASING = YES;
				CLANG_WARN_BOOL_CONVERSION = YES;
				CLANG_WARN_COMMA = YES;
				CLANG_WARN_CONSTANT_CONVERSION = YES;
				CLANG_WARN_DEPRECATED_OBJC_IMPLEMENTATIONS = YES;
				CLANG_WARN_DIRECT_OBJC_ISA_USAGE = YES_ERROR;
				CLANG_WARN_DOCUMENTATION_COMMENTS = YES;
				CLANG_WARN_EMPTY_BODY = YES;
				CLANG_WARN_ENUM_CONVERSION = YES;
				CLANG_WARN_INFINITE_RECURSION = YES;
				CLANG_WARN_INT_CONVERSION = YES;
				CLANG_WARN_NON_LITERAL_NULL_CONVERSION = YES;
				CLANG_WARN_OBJC_IMPLICIT_RETAIN_SELF = YES;
				CLANG_WARN_OBJC_LITERAL_CONVERSION = YES;
				CLANG_WARN_OBJC_ROOT_CLASS = YES_ERROR;
				CLANG_WARN_QUOTED_INCLUDE_IN_FRAMEWORK_HEADER = YES;
				CLANG_WARN_RANGE_LOOP_ANALYSIS = YES;
				CLANG_WARN_STRICT_PROTOTYPES = YES;
				CLANG_WARN_SUSPICIOUS_MOVE = YES;
				CLANG_WARN_UNGUARDED_AVAILABILITY = YES_AGGRESSIVE;
				CLANG_WARN_UNREACHABLE_CODE = YES;
				CLANG_WARN__DUPLICATE_METHOD_MATCH = YES;
				COPY_PHASE_STRIP = NO;
				DEBUG_INFORMATION_FORMAT = "dwarf-with-dsym";
				ENABLE_NS_ASSERTIONS = NO;
				ENABLE_STRICT_OBJC_MSGSEND = YES;
				GCC_C_LANGUAGE_STANDARD = gnu11;
				GCC_NO_COMMON_BLOCKS = YES;
				GCC_WARN_64_TO_32_BIT_CONVERSION = YES;
				GCC_WARN_ABOUT_RETURN_TYPE = YES_ERROR;
				GCC_WARN_UNDECLARED_SELECTOR = YES;
				GCC_WARN_UNINITIALIZED_AUTOS = YES_AGGRESSIVE;
				GCC_WARN_UNUSED_FUNCTION = YES;
				GCC_WARN_UNUSED_VARIABLE = YES;
				MACOSX_DEPLOYMENT_TARGET = 13.0;
				MTL_ENABLE_DEBUG_INFO = NO;
				MTL_FAST_MATH = YES;
				SDKROOT = macosx;
			};
			name = Release;
		};
		57645D61291E219C00C2CAD0 /* Debug */ = {
			isa = XCBuildConfiguration;
			buildSettings = {
				"CODE_SIGN_IDENTITY[sdk=macosx*]" = "-";
				CODE_SIGN_STYLE = Automatic;
				DEVELOPMENT_TEAM = 6X2BFL6896;
				ENABLE_HARDENED_RUNTIME = YES;
				HEADER_SEARCH_PATHS = (
					/Users/lostjobs/Documents/TestiOS/CppProject/LearningOpenGL/glad/include,
					"/Users/lostjobs/Documents/TestiOS/CppProject/LearningOpenGL/glfw-3.3.8.bin.MACOS/include",
				);
				LIBRARY_SEARCH_PATHS = (
					"$(inherited)",
					"$(PROJECT_DIR)/glfw-3.3.8.bin.MACOS/lib-universal",
				);
				PRODUCT_NAME = "$(TARGET_NAME)";
			};
			name = Debug;
		};
		57645D62291E219C00C2CAD0 /* Release */ = {
			isa = XCBuildConfiguration;
			buildSettings = {
				"CODE_SIGN_IDENTITY[sdk=macosx*]" = "-";
				CODE_SIGN_STYLE = Automatic;
				DEVELOPMENT_TEAM = 6X2BFL6896;
				ENABLE_HARDENED_RUNTIME = YES;
				HEADER_SEARCH_PATHS = (
					/Users/lostjobs/Documents/TestiOS/CppProject/LearningOpenGL/glad/include,
					"/Users/lostjobs/Documents/TestiOS/CppProject/LearningOpenGL/glfw-3.3.8.bin.MACOS/include",
				);
				LIBRARY_SEARCH_PATHS = (
					"$(inherited)",
					"$(PROJECT_DIR)/glfw-3.3.8.bin.MACOS/lib-universal",
				);
				PRODUCT_NAME = "$(TARGET_NAME)";
			};
			name = Release;
		};
/* End XCBuildConfiguration section */

/* Begin XCConfigurationList section */
		57645D54291E219C00C2CAD0 /* Build configuration list for PBXProject "LearningOpenGL" */ = {
			isa = XCConfigurationList;
			buildConfigurations = (
				57645D5E291E219C00C2CAD0 /* Debug */,
				57645D5F291E219C00C2CAD0 /* Release */,
			);
			defaultConfigurationIsVisible = 0;
			defaultConfigurationName = Release;
		};
		57645D60291E219C00C2CAD0 /* Build configuration list for PBXNativeTarget "LearningOpenGL" */ = {
			isa = XCConfigurationList;
			buildConfigurations = (
				57645D61291E219C00C2CAD0 /* Debug */,
				57645D62291E219C00C2CAD0 /* Release */,
			);
			defaultConfigurationIsVisible = 0;
			defaultConfigurationName = Release;
		};
/* End XCConfigurationList section */
	};
	rootObject = 57645D51291E219C00C2CAD0 /* Project object */;
}
